
Microsoft Visual Studio Solution File, Format Version 10.00
# Visual Studio 2008
Project("{8BC9CEB8-8B4A-11D0-8D11-00A0C91BC942}") = "ex3", "ex3.vcproj", "{2CF7A4D5-14ED-4EAA-84EB-D2D284D57953}"
EndProject
Global
	GlobalSection(SolutionConfigurationPlatforms) = preSolution
		Debug|Win32 = Debug|Win32
		Release|Win32 = Release|Win32
	EndGlobalSection
	GlobalSection(ProjectConfigurationPlatforms) = postSolution
		{2CF7A4D5-14ED-4EAA-84EB-D2D284D57953}.Debug|Win32.ActiveCfg = Debug|Win32
		{2CF7A4D5-14ED-4EAA-84EB-D2D284D57953}.Debug|Win32.Build.0 = Debug|Win32
		{2CF7A4D5-14ED-4EAA-84EB-D2D284D57953}.Release|Win32.ActiveCfg = Release|Win32
		{2CF7A4D5-14ED-4EAA-84EB-D2D284D57953}.Release|Win32.Build.0 = Release|Win32
	EndGlobalSection
	GlobalSection(SolutionProperties) = preSolution
		HideSolutionNode = FALSE
	EndGlobalSection
EndGlobal
